hash: 030b843fb5f3bf55063352771cf5a16bd3d6026c2afc04ac8f7f330f1258182d
updated: 2019-07-18T13:25:09.856020081+02:00
imports:
- name: github.com/armon/go-radix
  version: 1a2de0c21c94309923825da3df33a4381872c795
- name: github.com/blevesearch/bleve
  version: 4a7e6fb7547c787bbe1adf4d3ef5ff2551a50221
  subpackages:
  - analysis
  - analysis/analyzer/standard
  - analysis/datetime/flexible
  - analysis/datetime/optional
  - analysis/lang/de
  - analysis/lang/en
  - analysis/token/lowercase
  - analysis/token/porter
  - analysis/token/stop
  - analysis/tokenizer/unicode
  - document
  - geo
  - index
  - index/scorch
  - index/scorch/mergeplan
  - index/scorch/segment
  - index/scorch/segment/zap
  - index/store
  - index/store/boltdb
  - index/store/gtreap
  - index/upsidedown
  - mapping
  - numeric
  - registry
  - search
  - search/collector
  - search/facet
  - search/highlight
  - search/highlight/format/html
  - search/highlight/fragmenter/simple
  - search/highlight/highlighter/html
  - search/highlight/highlighter/simple
  - search/query
  - search/scorer
  - search/searcher
  - size
- name: github.com/blevesearch/go-porterstemmer
  version: 23a2c8e5cf1f380f27722c6d2ae8896431dc7d0e
  repo: https://github.com/blevesearch/go-porterstemmer
- name: github.com/blevesearch/segment
  version: db70c57796cc8c310613541dfade3dce627d09c7
  repo: https://github.com/blevesearch/segment
- name: github.com/cenkalti/backoff
  version: 2146c93394225c3732078705043ce9f26584d334
- name: github.com/couchbase/vellum
  version: 41f2deade2cfab59facd263e918d7c05f656c2e9
  repo: https://github.com/couchbase/vellum
  subpackages:
  - levenshtein2
  - regexp
  - utf8
- name: github.com/dghubble/go-twitter
  version: dc9b50841e5b0eb73b232dc29968d1244c2fc6ac
  subpackages:
  - twitter
- name: github.com/dghubble/oauth1
  version: 19d7291ba290f420ccea50e076322aca95f27fcd
- name: github.com/dghubble/sling
  version: 8dde57b790add982045ee44998e4925ccb421ec7
- name: github.com/edsrzf/mmap-go
  version: 935e0e8a636ca4ba70b713f3e38a19e1b77739e8
- name: github.com/etcd-io/bbolt
  version: 7ee3ded59d4835e10f3e7d0f7603c42aa5e83820
  repo: https://github.com/etcd-io/bbolt
- name: github.com/glycerine/go-unsnap-stream
  version: f9677308dec2b35e76737f9713df328ad11b1fea
- name: github.com/golang/protobuf
  version: 655cdfa588ea190e901bc5590e65d5621688847c
  repo: https://github.com/golang/protobuf
  subpackages:
  - proto
- name: github.com/golang/snappy
  version: cef980a12b316c5b7e5bb3a8e168eb43ae999a88
  repo: https://github.com/golang/snappy
- name: github.com/google/go-querystring
  version: c8c88dbee036db4e4808d1f2ec8c2e15e11c3f80
  subpackages:
  - query
- name: github.com/google/uuid
  version: 064e2069ce9c359c118179501254f67d7d37ba24
- name: github.com/kennygrant/sanitize
  version: 06ec0d0dbcd497d01e5189b16f5263f712e61a8e
- name: github.com/mschoch/smat
  version: 90eadee771aeab36e8bf796039b8c261bebebe4f
- name: github.com/philhofer/fwd
  version: bb6d471dc95d4fe11e432687f8b70ff496cf3136
- name: github.com/pilu/config
  version: 3eb99e6c0b9a2dae0f56f05552c06ca5a643919b
- name: github.com/pilu/traffic
  version: 19ea6534e33472fb79059e2cdbe1d36f80a11526
- name: github.com/pkg/errors
  version: ba968bfe8b2f7e042a574c888954fccecfa385b4
- name: github.com/RoaringBitmap/roaring
  version: 01d244c43a7e8d1191a4f369f5908ea9eb9bc9ac
  repo: https://github.com/RoaringBitmap/roaring
- name: github.com/steveyen/gtreap
  version: 0abe01ef9be25c4aedc174758ec2d917314d6d70
  repo: https://github.com/steveyen/gtreap
- name: github.com/tinylib/msgp
  version: efe20429c9b7b2a358aba9ba2d40ad56d966ce00
  subpackages:
  - msgp
- name: github.com/willf/bitset
  version: 2e6e8094ef4745224150c88c16191c7dceaad16f
  repo: https://github.com/willf/bitset
- name: golang.org/x/net
  version: 5ccada7d0a7ba9aeb5d3aca8d3501b4c2a509fec
  subpackages:
  - html
  - html/atom
- name: golang.org/x/sys
  version: fae7ac547cb717d141c433a2a173315e216b64c4
  subpackages:
  - unix
- name: gopkg.in/alexcesaro/quotedprintable.v3
  version: 2caba252f4dc53eaf6b553000885530023f54623
- name: gopkg.in/gomail.v2
  version: 81ebce5c23dfd25c6c67194b37d3dd3f338c98b1
- name: gopkg.in/mgo.v2
  version: 3f83fa5005286a7fe593b055f0d7771a7dce4655
  subpackages:
  - bson
  - internal/json
  - internal/sasl
  - internal/scram
testImports: []
